
Microsoft Visual Studio Solution File, Format Version 12.00
# Visual Studio 15
VisualStudioVersion = 15.0.27004.2008
MinimumVisualStudioVersion = 10.0.40219.1
Project("{FAE04EC0-301F-11D3-BF4B-00C04F79EFBC}") = "Book Library", "Book Library\Book Library.csproj", "{49392CFB-7409-4B7A-B007-2C955A3528FD}"
EndProject
Global
	GlobalSection(SolutionConfigurationPlatforms) = preSolution
		Debug|Any CPU = Debug|Any CPU
		Release|Any CPU = Release|Any CPU
	EndGlobalSection
	GlobalSection(ProjectConfigurationPlatforms) = postSolution
		{49392CFB-7409-4B7A-B007-2C955A3528FD}.Debug|Any CPU.ActiveCfg = Debug|Any CPU
		{49392CFB-7409-4B7A-B007-2C955A3528FD}.Debug|Any CPU.Build.0 = Debug|Any CPU
		{49392CFB-7409-4B7A-B007-2C955A3528FD}.Release|Any CPU.ActiveCfg = Release|Any CPU
		{49392CFB-7409-4B7A-B007-2C955A3528FD}.Release|Any CPU.Build.0 = Release|Any CPU
	EndGlobalSection
	GlobalSection(SolutionProperties) = preSolution
		HideSolutionNode = FALSE
	EndGlobalSection
	GlobalSection(ExtensibilityGlobals) = postSolution
		SolutionGuid = {81A92636-1C01-4553-8374-6521FE96B783}
	EndGlobalSection
EndGlobal
